
Microsoft Visual Studio Solution File, Format Version 12.00
# Visual Studio Version 17
VisualStudioVersion = 17.3.32929.385
MinimumVisualStudioVersion = 10.0.40219.1
Project("{FAE04EC0-301F-11D3-BF4B-00C04F79EFBC}") = "ThuVienOnline", "ThuVienOnline\ThuVienOnline.csproj", "{086890B0-918E-4BD4-B7BB-980CA7406D2B}"
EndProject
Global
	GlobalSection(SolutionConfigurationPlatforms) = preSolution
		Debug|Any CPU = Debug|Any CPU
		Release|Any CPU = Release|Any CPU
	EndGlobalSection
	GlobalSection(ProjectConfigurationPlatforms) = postSolution
		{086890B0-918E-4BD4-B7BB-980CA7406D2B}.Debug|Any CPU.ActiveCfg = Debug|Any CPU
		{086890B0-918E-4BD4-B7BB-980CA7406D2B}.Debug|Any CPU.Build.0 = Debug|Any CPU
		{086890B0-918E-4BD4-B7BB-980CA7406D2B}.Release|Any CPU.ActiveCfg = Release|Any CPU
		{086890B0-918E-4BD4-B7BB-980CA7406D2B}.Release|Any CPU.Build.0 = Release|Any CPU
	EndGlobalSection
	GlobalSection(SolutionProperties) = preSolution
		HideSolutionNode = FALSE
	EndGlobalSection
	GlobalSection(ExtensibilityGlobals) = postSolution
		SolutionGuid = {E9F804BA-0861-436B-9D34-24A1D17EA875}
	EndGlobalSection
EndGlobal
